
Microsoft Visual Studio Solution File, Format Version 12.00
# Visual Studio Version 16
VisualStudioVersion = 16.0.32413.511
MinimumVisualStudioVersion = 10.0.40219.1
Project("{FAE04EC0-301F-11D3-BF4B-00C04F79EFBC}") = "ConsoleAppEjercicio1YagoTorres", "ConsoleAppEjercicio1YagoTorres\ConsoleAppEjercicio1YagoTorres.csproj", "{557254CC-05EC-446C-A402-FA07BC496AE6}"
EndProject
Global
	GlobalSection(SolutionConfigurationPlatforms) = preSolution
		Debug|Any CPU = Debug|Any CPU
		Release|Any CPU = Release|Any CPU
	EndGlobalSection
	GlobalSection(ProjectConfigurationPlatforms) = postSolution
		{557254CC-05EC-446C-A402-FA07BC496AE6}.Debug|Any CPU.ActiveCfg = Debug|Any CPU
		{557254CC-05EC-446C-A402-FA07BC496AE6}.Debug|Any CPU.Build.0 = Debug|Any CPU
		{557254CC-05EC-446C-A402-FA07BC496AE6}.Release|Any CPU.ActiveCfg = Release|Any CPU
		{557254CC-05EC-446C-A402-FA07BC496AE6}.Release|Any CPU.Build.0 = Release|Any CPU
	EndGlobalSection
	GlobalSection(SolutionProperties) = preSolution
		HideSolutionNode = FALSE
	EndGlobalSection
	GlobalSection(ExtensibilityGlobals) = postSolution
		SolutionGuid = {9684B936-77CF-43E1-9492-3DCBF5C9F95B}
	EndGlobalSection
EndGlobal
